
Microsoft Visual Studio Solution File, Format Version 12.00
# Visual Studio Version 16
VisualStudioVersion = 16.0.29001.49
MinimumVisualStudioVersion = 10.0.40219.1
Project("{FAE04EC0-301F-11D3-BF4B-00C04F79EFBC}") = "HMI", "HMI\HMI.csproj", "{768A521C-B583-417D-B835-0849BB88950C}"
EndProject
Global
	GlobalSection(SolutionConfigurationPlatforms) = preSolution
		Debug|Any CPU = Debug|Any CPU
		Release|Any CPU = Release|Any CPU
	EndGlobalSection
	GlobalSection(ProjectConfigurationPlatforms) = postSolution
		{768A521C-B583-417D-B835-0849BB88950C}.Debug|Any CPU.ActiveCfg = Debug|Any CPU
		{768A521C-B583-417D-B835-0849BB88950C}.Debug|Any CPU.Build.0 = Debug|Any CPU
		{768A521C-B583-417D-B835-0849BB88950C}.Release|Any CPU.ActiveCfg = Release|Any CPU
		{768A521C-B583-417D-B835-0849BB88950C}.Release|Any CPU.Build.0 = Release|Any CPU
	EndGlobalSection
	GlobalSection(SolutionProperties) = preSolution
		HideSolutionNode = FALSE
	EndGlobalSection
	GlobalSection(ExtensibilityGlobals) = postSolution
		SolutionGuid = {453904F4-985C-4D67-A6E6-439E14948C3B}
	EndGlobalSection
EndGlobal
